
Microsoft Visual Studio Solution File, Format Version 12.00
Project("{2150E333-8FDC-42A3-9474-1A3956D46DE8}") = "Libs", "Libs", "{900E518B-44FE-4895-801A-63D4AE4E80F7}"
EndProject
Project("{2150E333-8FDC-42A3-9474-1A3956D46DE8}") = "Examples", "Examples", "{ACD3B7D9-B6FD-479B-93E2-F5F7FD3B5764}"
EndProject
Project("{2150E333-8FDC-42A3-9474-1A3956D46DE8}") = "Modules", "Modules", "{E4455DBF-BBF2-463C-A526-5C59F5BC3003}"
EndProject
Project("{2150E333-8FDC-42A3-9474-1A3956D46DE8}") = "Clients", "Clients", "{CA75B8B3-CCD1-401B-B6DE-5864D3F0EA4E}"
EndProject
Project("{2150E333-8FDC-42A3-9474-1A3956D46DE8}") = "Servers", "Servers", "{CE83691C-9A03-478C-B3CC-DC9D79606533}"
EndProject
Project("{2150E333-8FDC-42A3-9474-1A3956D46DE8}") = "PerformanceAnalysis", "PerformanceAnalysis", "{621C3C7D-7B24-443C-9D18-A547A51A07DE}"
EndProject
Project("{FAE04EC0-301F-11D3-BF4B-00C04F79EFBC}") = "BIDTP.Dotnet.Core", "src\libs\BIDTP.Dotnet.Core\BIDTP.Dotnet.Core.csproj", "{3B0AF24E-93A0-4FF2-9436-6B5A11CD1EA1}"
EndProject
Project("{FAE04EC0-301F-11D3-BF4B-00C04F79EFBC}") = "Example.Server.Console", "src\examples\Server\Example.Server.Console\Example.Server.Console.csproj", "{359F7200-DC8F-409B-8FD1-1BEAFF3D4771}"
EndProject
Project("{FAE04EC0-301F-11D3-BF4B-00C04F79EFBC}") = "Example.Server.Console.OwnerProcess", "src\examples\Server\Example.Server.Console.OwnerProcess\Example.Server.Console.OwnerProcess.csproj", "{9C42E4E5-D7EF-43B5-8774-B2E71549E5C9}"
EndProject
Project("{FAE04EC0-301F-11D3-BF4B-00C04F79EFBC}") = "Example.Server.Revit.OwnerProcess", "src\examples\Server\Example.Server.Revit.OwnerProcess\Example.Server.Revit.OwnerProcess.csproj", "{0B02E10C-846C-411A-9CD8-45A7EB5DA964}"
EndProject
Project("{FAE04EC0-301F-11D3-BF4B-00C04F79EFBC}") = "Example.Schemas", "src\examples\Modules\Example.Schemas\Example.Schemas.csproj", "{0FAC995E-EFF8-4C85-A585-9ED18164ADE7}"
EndProject
Project("{FAE04EC0-301F-11D3-BF4B-00C04F79EFBC}") = "Example.Server", "src\examples\Modules\Example.Server\Example.Server.csproj", "{0F5DE65F-1C75-46C0-90B5-2B7F357B0CAA}"
EndProject
Project("{FAE04EC0-301F-11D3-BF4B-00C04F79EFBC}") = "Example.Client.WPF", "src\examples\Client\Example.Client.WPF\Example.Client.WPF.csproj", "{49D726AE-FD85-4E37-906F-46E36F5084AD}"
EndProject
Project("{FAE04EC0-301F-11D3-BF4B-00C04F79EFBC}") = "Example.Client.WPF.ChildProcess", "src\examples\Client\Example.Client.WPF.ChildProcess\Example.Client.WPF.ChildProcess.csproj", "{A344ABD2-E9EC-482D-82DF-56434536F9C6}"
EndProject
Project("{FAE04EC0-301F-11D3-BF4B-00C04F79EFBC}") = "Example.Client.WPF.MVVM", "src\examples\Client\Example.Client.WPF.MVVM\Example.Client.WPF.MVVM.csproj", "{4D3EDF50-866A-49A3-81A7-A28036A1DED7}"
EndProject
Project("{2150E333-8FDC-42A3-9474-1A3956D46DE8}") = "Modules", "Modules", "{4EBCE6D0-BF47-4D55-A46F-5447F9DC0676}"
EndProject
Project("{2150E333-8FDC-42A3-9474-1A3956D46DE8}") = "Benchmarks", "Benchmarks", "{33117D4A-56A4-4D72-8CA1-BEA03511CEE8}"
EndProject
Project("{2150E333-8FDC-42A3-9474-1A3956D46DE8}") = "Tests", "Tests", "{8154C1A2-80AB-4C38-BC69-C79B4C11816D}"
EndProject
Project("{FAE04EC0-301F-11D3-BF4B-00C04F79EFBC}") = "BIDTP.Dotnet.Module.Benchmark", "src\performance-analysis\benchmarks\BIDTP.Dotnet.Module.Benchmark\BIDTP.Dotnet.Module.Benchmark.csproj", "{FE2EE1D7-0FBB-4F0D-A78A-9C203014097E}"
EndProject
Project("{FAE04EC0-301F-11D3-BF4B-00C04F79EFBC}") = "BIDTP.Dotnet.Module.MockableServer", "src\performance-analysis\modules\BIDTP.Dotnet.Module.MockableServer\BIDTP.Dotnet.Module.MockableServer.csproj", "{5D5E2972-DD21-4F4E-8F25-0FB6FA2F3EB4}"
EndProject
Project("{FAE04EC0-301F-11D3-BF4B-00C04F79EFBC}") = "BIDTP.Dotnet.Tests.Integration", "src\performance-analysis\tests\BIDTP.Dotnet.Tests.Integration\BIDTP.Dotnet.Tests.Integration.csproj", "{34DA8768-2770-4011-BB7D-7354B2B31F4E}"
EndProject
Project("{FAE04EC0-301F-11D3-BF4B-00C04F79EFBC}") = "Testsss", "Testsss\Testsss.csproj", "{1C8D1F0C-526A-487E-B111-F82D547B728E}"
EndProject
Global
	GlobalSection(SolutionConfigurationPlatforms) = preSolution
		Debug|Any CPU = Debug|Any CPU
		Release|Any CPU = Release|Any CPU
	EndGlobalSection
	GlobalSection(ProjectConfigurationPlatforms) = postSolution
		{3B0AF24E-93A0-4FF2-9436-6B5A11CD1EA1}.Release|Any CPU.ActiveCfg = Release|Any CPU
		{3B0AF24E-93A0-4FF2-9436-6B5A11CD1EA1}.Release|Any CPU.Build.0 = Release|Any CPU
		{359F7200-DC8F-409B-8FD1-1BEAFF3D4771}.Debug|Any CPU.ActiveCfg = Debug|Any CPU
		{359F7200-DC8F-409B-8FD1-1BEAFF3D4771}.Debug|Any CPU.Build.0 = Debug|Any CPU
		{359F7200-DC8F-409B-8FD1-1BEAFF3D4771}.Release|Any CPU.ActiveCfg = Release|Any CPU
		{359F7200-DC8F-409B-8FD1-1BEAFF3D4771}.Release|Any CPU.Build.0 = Release|Any CPU
		{9C42E4E5-D7EF-43B5-8774-B2E71549E5C9}.Debug|Any CPU.ActiveCfg = Debug|Any CPU
		{9C42E4E5-D7EF-43B5-8774-B2E71549E5C9}.Debug|Any CPU.Build.0 = Debug|Any CPU
		{9C42E4E5-D7EF-43B5-8774-B2E71549E5C9}.Release|Any CPU.ActiveCfg = Release|Any CPU
		{9C42E4E5-D7EF-43B5-8774-B2E71549E5C9}.Release|Any CPU.Build.0 = Release|Any CPU
		{0B02E10C-846C-411A-9CD8-45A7EB5DA964}.Release|Any CPU.ActiveCfg = Debug R20|Any CPU
		{0B02E10C-846C-411A-9CD8-45A7EB5DA964}.Release|Any CPU.Build.0 = Debug R20|Any CPU
		{0B02E10C-846C-411A-9CD8-45A7EB5DA964}.Debug|Any CPU.ActiveCfg = Debug R22|Any CPU
		{0B02E10C-846C-411A-9CD8-45A7EB5DA964}.Debug|Any CPU.Build.0 = Debug R22|Any CPU
		{0FAC995E-EFF8-4C85-A585-9ED18164ADE7}.Debug|Any CPU.ActiveCfg = Debug|Any CPU
		{0FAC995E-EFF8-4C85-A585-9ED18164ADE7}.Debug|Any CPU.Build.0 = Debug|Any CPU
		{0FAC995E-EFF8-4C85-A585-9ED18164ADE7}.Release|Any CPU.ActiveCfg = Release|Any CPU
		{0FAC995E-EFF8-4C85-A585-9ED18164ADE7}.Release|Any CPU.Build.0 = Release|Any CPU
		{0F5DE65F-1C75-46C0-90B5-2B7F357B0CAA}.Debug|Any CPU.ActiveCfg = Debug|Any CPU
		{0F5DE65F-1C75-46C0-90B5-2B7F357B0CAA}.Debug|Any CPU.Build.0 = Debug|Any CPU
		{0F5DE65F-1C75-46C0-90B5-2B7F357B0CAA}.Release|Any CPU.ActiveCfg = Release|Any CPU
		{0F5DE65F-1C75-46C0-90B5-2B7F357B0CAA}.Release|Any CPU.Build.0 = Release|Any CPU
		{49D726AE-FD85-4E37-906F-46E36F5084AD}.Debug|Any CPU.ActiveCfg = Debug|Any CPU
		{49D726AE-FD85-4E37-906F-46E36F5084AD}.Debug|Any CPU.Build.0 = Debug|Any CPU
		{49D726AE-FD85-4E37-906F-46E36F5084AD}.Release|Any CPU.ActiveCfg = Release|Any CPU
		{49D726AE-FD85-4E37-906F-46E36F5084AD}.Release|Any CPU.Build.0 = Release|Any CPU
		{A344ABD2-E9EC-482D-82DF-56434536F9C6}.Debug|Any CPU.ActiveCfg = Debug|Any CPU
		{A344ABD2-E9EC-482D-82DF-56434536F9C6}.Debug|Any CPU.Build.0 = Debug|Any CPU
		{A344ABD2-E9EC-482D-82DF-56434536F9C6}.Release|Any CPU.ActiveCfg = Release|Any CPU
		{A344ABD2-E9EC-482D-82DF-56434536F9C6}.Release|Any CPU.Build.0 = Release|Any CPU
		{4D3EDF50-866A-49A3-81A7-A28036A1DED7}.Debug|Any CPU.ActiveCfg = Debug|Any CPU
		{4D3EDF50-866A-49A3-81A7-A28036A1DED7}.Debug|Any CPU.Build.0 = Debug|Any CPU
		{4D3EDF50-866A-49A3-81A7-A28036A1DED7}.Release|Any CPU.ActiveCfg = Release|Any CPU
		{4D3EDF50-866A-49A3-81A7-A28036A1DED7}.Release|Any CPU.Build.0 = Release|Any CPU
		{FE2EE1D7-0FBB-4F0D-A78A-9C203014097E}.Debug|Any CPU.ActiveCfg = Debug|Any CPU
		{FE2EE1D7-0FBB-4F0D-A78A-9C203014097E}.Debug|Any CPU.Build.0 = Debug|Any CPU
		{FE2EE1D7-0FBB-4F0D-A78A-9C203014097E}.Release|Any CPU.ActiveCfg = Release|Any CPU
		{FE2EE1D7-0FBB-4F0D-A78A-9C203014097E}.Release|Any CPU.Build.0 = Release|Any CPU
		{5D5E2972-DD21-4F4E-8F25-0FB6FA2F3EB4}.Debug|Any CPU.ActiveCfg = Debug|Any CPU
		{5D5E2972-DD21-4F4E-8F25-0FB6FA2F3EB4}.Debug|Any CPU.Build.0 = Debug|Any CPU
		{5D5E2972-DD21-4F4E-8F25-0FB6FA2F3EB4}.Release|Any CPU.ActiveCfg = Release|Any CPU
		{5D5E2972-DD21-4F4E-8F25-0FB6FA2F3EB4}.Release|Any CPU.Build.0 = Release|Any CPU
		{34DA8768-2770-4011-BB7D-7354B2B31F4E}.Debug|Any CPU.ActiveCfg = Debug|Any CPU
		{34DA8768-2770-4011-BB7D-7354B2B31F4E}.Debug|Any CPU.Build.0 = Debug|Any CPU
		{34DA8768-2770-4011-BB7D-7354B2B31F4E}.Release|Any CPU.ActiveCfg = Release|Any CPU
		{34DA8768-2770-4011-BB7D-7354B2B31F4E}.Release|Any CPU.Build.0 = Release|Any CPU
		{1C8D1F0C-526A-487E-B111-F82D547B728E}.Debug|Any CPU.ActiveCfg = Debug|Any CPU
		{1C8D1F0C-526A-487E-B111-F82D547B728E}.Debug|Any CPU.Build.0 = Debug|Any CPU
		{1C8D1F0C-526A-487E-B111-F82D547B728E}.Release|Any CPU.ActiveCfg = Release|Any CPU
		{1C8D1F0C-526A-487E-B111-F82D547B728E}.Release|Any CPU.Build.0 = Release|Any CPU
	EndGlobalSection
	GlobalSection(NestedProjects) = preSolution
		{E4455DBF-BBF2-463C-A526-5C59F5BC3003} = {ACD3B7D9-B6FD-479B-93E2-F5F7FD3B5764}
		{CA75B8B3-CCD1-401B-B6DE-5864D3F0EA4E} = {ACD3B7D9-B6FD-479B-93E2-F5F7FD3B5764}
		{CE83691C-9A03-478C-B3CC-DC9D79606533} = {ACD3B7D9-B6FD-479B-93E2-F5F7FD3B5764}
		{3B0AF24E-93A0-4FF2-9436-6B5A11CD1EA1} = {900E518B-44FE-4895-801A-63D4AE4E80F7}
		{359F7200-DC8F-409B-8FD1-1BEAFF3D4771} = {CE83691C-9A03-478C-B3CC-DC9D79606533}
		{9C42E4E5-D7EF-43B5-8774-B2E71549E5C9} = {CE83691C-9A03-478C-B3CC-DC9D79606533}
		{0B02E10C-846C-411A-9CD8-45A7EB5DA964} = {CE83691C-9A03-478C-B3CC-DC9D79606533}
		{0FAC995E-EFF8-4C85-A585-9ED18164ADE7} = {E4455DBF-BBF2-463C-A526-5C59F5BC3003}
		{0F5DE65F-1C75-46C0-90B5-2B7F357B0CAA} = {E4455DBF-BBF2-463C-A526-5C59F5BC3003}
		{49D726AE-FD85-4E37-906F-46E36F5084AD} = {CA75B8B3-CCD1-401B-B6DE-5864D3F0EA4E}
		{A344ABD2-E9EC-482D-82DF-56434536F9C6} = {CA75B8B3-CCD1-401B-B6DE-5864D3F0EA4E}
		{4D3EDF50-866A-49A3-81A7-A28036A1DED7} = {CA75B8B3-CCD1-401B-B6DE-5864D3F0EA4E}
		{4EBCE6D0-BF47-4D55-A46F-5447F9DC0676} = {621C3C7D-7B24-443C-9D18-A547A51A07DE}
		{33117D4A-56A4-4D72-8CA1-BEA03511CEE8} = {621C3C7D-7B24-443C-9D18-A547A51A07DE}
		{8154C1A2-80AB-4C38-BC69-C79B4C11816D} = {621C3C7D-7B24-443C-9D18-A547A51A07DE}
		{FE2EE1D7-0FBB-4F0D-A78A-9C203014097E} = {33117D4A-56A4-4D72-8CA1-BEA03511CEE8}
		{34DA8768-2770-4011-BB7D-7354B2B31F4E} = {8154C1A2-80AB-4C38-BC69-C79B4C11816D}
		{5D5E2972-DD21-4F4E-8F25-0FB6FA2F3EB4} = {4EBCE6D0-BF47-4D55-A46F-5447F9DC0676}
		{1C8D1F0C-526A-487E-B111-F82D547B728E} = {8154C1A2-80AB-4C38-BC69-C79B4C11816D}
	EndGlobalSection
EndGlobal
